
Microsoft Visual Studio Solution File, Format Version 12.00
# Visual Studio Version 17
VisualStudioVersion = 17.0.31912.275
MinimumVisualStudioVersion = 10.0.40219.1
Project("{2150E333-8FDC-42A3-9474-1A3956D46DE8}") = "Samples", "Samples", "{1821C660-299A-4BEE-8828-32911AE7F42F}"
EndProject
Project("{9A19103F-16F7-4668-BE54-9A1E7A4F7556}") = "SamplesTests", "Samples\SamplesTests\SamplesTests.csproj", "{A98EB892-165D-44D8-90E9-773AE9A45849}"
EndProject
Project("{9A19103F-16F7-4668-BE54-9A1E7A4F7556}") = "LightDataAccess", "Samples\LightDataAccess\LightDataAccess.csproj", "{A9E20509-B876-45AC-A377-B9AF1FBDE8DA}"
EndProject
Project("{9A19103F-16F7-4668-BE54-9A1E7A4F7556}") = "EMConfigurations", "Samples\EMConfigurations\EMConfigurations.csproj", "{F9221CD0-0B56-4CA1-857B-7B19DC509D59}"
EndProject
Project("{9A19103F-16F7-4668-BE54-9A1E7A4F7556}") = "EmitMapper.Mvc.Net", "Samples\EmitMapper.Mvc.Net\EmitMapper.Mvc.Net.csproj", "{75C6A518-5A9B-48A4-B267-ECE474041977}"
EndProject
Project("{2150E333-8FDC-42A3-9474-1A3956D46DE8}") = "Mvc", "Mvc", "{75F3A083-3C58-4C55-B251-AF6C3FCC2FCB}"
EndProject
Project("{9A19103F-16F7-4668-BE54-9A1E7A4F7556}") = "EmitMapper.Benchmarks", "EmitMapper.Benchmarks\EmitMapper.Benchmarks.csproj", "{3D6D0342-5C90-4EA9-87A7-A9F5B039E5C1}"
EndProject
Project("{2150E333-8FDC-42A3-9474-1A3956D46DE8}") = "src", "src", "{38F5B328-5A3D-4A4E-9DD0-4F4C0AEB58D4}"
EndProject
Project("{9A19103F-16F7-4668-BE54-9A1E7A4F7556}") = "EmitMapper", "src\EmitMapper\EmitMapper.csproj", "{75D888BB-8A3B-4450-BA26-AEF0AFDAFBB6}"
EndProject
Project("{9A19103F-16F7-4668-BE54-9A1E7A4F7556}") = "EmitMapper.Tests", "EmitMapper.Tests\EmitMapper.Tests.csproj", "{E18825AB-8FFD-4E07-9920-55E0757004C8}"
EndProject
Project("{2150E333-8FDC-42A3-9474-1A3956D46DE8}") = "Solution Items", "Solution Items", "{D6577FA6-B5E9-4094-A4FB-7EB03B1A0261}"
	ProjectSection(SolutionItems) = preProject
		solution\EmitMapper.snk = solution\EmitMapper.snk
		solution\public.props = solution\public.props
		solution\publicKey.txt = solution\publicKey.txt
		solution\sn_gen.bat = solution\sn_gen.bat
		solution\version.props = solution\version.props
	EndProjectSection
EndProject
Project("{2150E333-8FDC-42A3-9474-1A3956D46DE8}") = "layout", "layout", "{B5E8AE2F-A600-4F41-B912-14B191DD0B6C}"
	ProjectSection(SolutionItems) = preProject
		solution\filelayouts\default.xaml = solution\filelayouts\default.xaml
		solution\filelayouts\layout3.xml = solution\filelayouts\layout3.xml
		solution\filelayouts\layout4.xaml = solution\filelayouts\layout4.xaml
		solution\filelayouts\layouts0.xaml = solution\filelayouts\layouts0.xaml
		solution\filelayouts\layouts0.xmal = solution\filelayouts\layouts0.xmal
		solution\filelayouts\layouts1.xaml = solution\filelayouts\layouts1.xaml
		solution\filelayouts\layouts1.xmal = solution\filelayouts\layouts1.xmal
		solution\filelayouts\old.xml = solution\filelayouts\old.xml
	EndProjectSection
EndProject
Project("{2150E333-8FDC-42A3-9474-1A3956D46DE8}") = ".github", ".github", "{79C82A2F-E643-4151-B275-A6C90DCB7832}"
	ProjectSection(SolutionItems) = preProject
		.github\ISSUE_TEMPLATE\Bug Report.yaml = .github\ISSUE_TEMPLATE\Bug Report.yaml
		.github\ISSUE_TEMPLATE\Bugs.yaml = .github\ISSUE_TEMPLATE\Bugs.yaml
		.github\ISSUE_TEMPLATE\config.yml = .github\ISSUE_TEMPLATE\config.yml
		.github\workflows\dotnet.yml = .github\workflows\dotnet.yml
		.github\ISSUE_TEMPLATE\ISSUE_TEMPLATE.md = .github\ISSUE_TEMPLATE\ISSUE_TEMPLATE.md
	EndProjectSection
EndProject
Global
	GlobalSection(SolutionConfigurationPlatforms) = preSolution
		Debug|Any CPU = Debug|Any CPU
		Release|Any CPU = Release|Any CPU
	EndGlobalSection
	GlobalSection(ProjectConfigurationPlatforms) = postSolution
		{A98EB892-165D-44D8-90E9-773AE9A45849}.Debug|Any CPU.ActiveCfg = Debug|Any CPU
		{A98EB892-165D-44D8-90E9-773AE9A45849}.Debug|Any CPU.Build.0 = Debug|Any CPU
		{A98EB892-165D-44D8-90E9-773AE9A45849}.Release|Any CPU.ActiveCfg = Release|Any CPU
		{A98EB892-165D-44D8-90E9-773AE9A45849}.Release|Any CPU.Build.0 = Release|Any CPU
		{A9E20509-B876-45AC-A377-B9AF1FBDE8DA}.Debug|Any CPU.ActiveCfg = Debug|Any CPU
		{A9E20509-B876-45AC-A377-B9AF1FBDE8DA}.Debug|Any CPU.Build.0 = Debug|Any CPU
		{A9E20509-B876-45AC-A377-B9AF1FBDE8DA}.Release|Any CPU.ActiveCfg = Release|Any CPU
		{A9E20509-B876-45AC-A377-B9AF1FBDE8DA}.Release|Any CPU.Build.0 = Release|Any CPU
		{F9221CD0-0B56-4CA1-857B-7B19DC509D59}.Debug|Any CPU.ActiveCfg = Debug|Any CPU
		{F9221CD0-0B56-4CA1-857B-7B19DC509D59}.Debug|Any CPU.Build.0 = Debug|Any CPU
		{F9221CD0-0B56-4CA1-857B-7B19DC509D59}.Release|Any CPU.ActiveCfg = Release|Any CPU
		{F9221CD0-0B56-4CA1-857B-7B19DC509D59}.Release|Any CPU.Build.0 = Release|Any CPU
		{75C6A518-5A9B-48A4-B267-ECE474041977}.Debug|Any CPU.ActiveCfg = Debug|Any CPU
		{75C6A518-5A9B-48A4-B267-ECE474041977}.Debug|Any CPU.Build.0 = Debug|Any CPU
		{75C6A518-5A9B-48A4-B267-ECE474041977}.Release|Any CPU.ActiveCfg = Release|Any CPU
		{75C6A518-5A9B-48A4-B267-ECE474041977}.Release|Any CPU.Build.0 = Release|Any CPU
		{3D6D0342-5C90-4EA9-87A7-A9F5B039E5C1}.Debug|Any CPU.ActiveCfg = Debug|Any CPU
		{3D6D0342-5C90-4EA9-87A7-A9F5B039E5C1}.Debug|Any CPU.Build.0 = Debug|Any CPU
		{3D6D0342-5C90-4EA9-87A7-A9F5B039E5C1}.Release|Any CPU.ActiveCfg = Release|Any CPU
		{3D6D0342-5C90-4EA9-87A7-A9F5B039E5C1}.Release|Any CPU.Build.0 = Release|Any CPU
		{75D888BB-8A3B-4450-BA26-AEF0AFDAFBB6}.Debug|Any CPU.ActiveCfg = Debug|Any CPU
		{75D888BB-8A3B-4450-BA26-AEF0AFDAFBB6}.Debug|Any CPU.Build.0 = Debug|Any CPU
		{75D888BB-8A3B-4450-BA26-AEF0AFDAFBB6}.Release|Any CPU.ActiveCfg = Release|Any CPU
		{75D888BB-8A3B-4450-BA26-AEF0AFDAFBB6}.Release|Any CPU.Build.0 = Release|Any CPU
		{E18825AB-8FFD-4E07-9920-55E0757004C8}.Debug|Any CPU.ActiveCfg = Debug|Any CPU
		{E18825AB-8FFD-4E07-9920-55E0757004C8}.Debug|Any CPU.Build.0 = Debug|Any CPU
		{E18825AB-8FFD-4E07-9920-55E0757004C8}.Release|Any CPU.ActiveCfg = Release|Any CPU
		{E18825AB-8FFD-4E07-9920-55E0757004C8}.Release|Any CPU.Build.0 = Release|Any CPU
	EndGlobalSection
	GlobalSection(SolutionProperties) = preSolution
		HideSolutionNode = FALSE
	EndGlobalSection
	GlobalSection(NestedProjects) = preSolution
		{A98EB892-165D-44D8-90E9-773AE9A45849} = {1821C660-299A-4BEE-8828-32911AE7F42F}
		{A9E20509-B876-45AC-A377-B9AF1FBDE8DA} = {1821C660-299A-4BEE-8828-32911AE7F42F}
		{F9221CD0-0B56-4CA1-857B-7B19DC509D59} = {1821C660-299A-4BEE-8828-32911AE7F42F}
		{75C6A518-5A9B-48A4-B267-ECE474041977} = {75F3A083-3C58-4C55-B251-AF6C3FCC2FCB}
		{75F3A083-3C58-4C55-B251-AF6C3FCC2FCB} = {1821C660-299A-4BEE-8828-32911AE7F42F}
		{75D888BB-8A3B-4450-BA26-AEF0AFDAFBB6} = {38F5B328-5A3D-4A4E-9DD0-4F4C0AEB58D4}
		{B5E8AE2F-A600-4F41-B912-14B191DD0B6C} = {D6577FA6-B5E9-4094-A4FB-7EB03B1A0261}
	EndGlobalSection
	GlobalSection(ExtensibilityGlobals) = postSolution
		SolutionGuid = {6D2B312C-E842-47F4-BB27-3FAB3EB3D5F0}
	EndGlobalSection
	GlobalSection(SubversionScc) = preSolution
		Svn-Managed = True
		Manager = AnkhSVN - Subversion Support for Visual Studio
	EndGlobalSection
	GlobalSection(TestCaseManagementSettings) = postSolution
		CategoryFile = EmitMapper1.vsmdi
	EndGlobalSection
EndGlobal
